
Microsoft Visual Studio Solution File, Format Version 12.00
# Visual Studio Version 16
VisualStudioVersion = 16.0.30907.101
MinimumVisualStudioVersion = 10.0.40219.1
Project("{FAE04EC0-301F-11D3-BF4B-00C04F79EFBC}") = "ClassMethodDemo", "ClassMethodDemo\ClassMethodDemo.csproj", "{C57366C3-D62A-443B-AA1E-5B997D1A417C}"
EndProject
Global
	GlobalSection(SolutionConfigurationPlatforms) = preSolution
		Debug|Any CPU = Debug|Any CPU
		Release|Any CPU = Release|Any CPU
	EndGlobalSection
	GlobalSection(ProjectConfigurationPlatforms) = postSolution
		{C57366C3-D62A-443B-AA1E-5B997D1A417C}.Debug|Any CPU.ActiveCfg = Debug|Any CPU
		{C57366C3-D62A-443B-AA1E-5B997D1A417C}.Debug|Any CPU.Build.0 = Debug|Any CPU
		{C57366C3-D62A-443B-AA1E-5B997D1A417C}.Release|Any CPU.ActiveCfg = Release|Any CPU
		{C57366C3-D62A-443B-AA1E-5B997D1A417C}.Release|Any CPU.Build.0 = Release|Any CPU
	EndGlobalSection
	GlobalSection(SolutionProperties) = preSolution
		HideSolutionNode = FALSE
	EndGlobalSection
	GlobalSection(ExtensibilityGlobals) = postSolution
		SolutionGuid = {5EEDD851-32A3-4D66-9228-09C385F22928}
	EndGlobalSection
EndGlobal
